
Microsoft Visual Studio Solution File, Format Version 12.00
# Visual Studio Version 17
VisualStudioVersion = 17.14.36301.6 d17.14
MinimumVisualStudioVersion = 10.0.40219.1
Project("{FAE04EC0-301F-11D3-BF4B-00C04F79EFBC}") = "TaskManager", "TaskManager\TaskManager.csproj", "{AE9A499E-8D5D-4A45-9E03-51D7B6C58414}"
EndProject
Global
	GlobalSection(SolutionConfigurationPlatforms) = preSolution
		Debug|Any CPU = Debug|Any CPU
		Release|Any CPU = Release|Any CPU
	EndGlobalSection
	GlobalSection(ProjectConfigurationPlatforms) = postSolution
		{AE9A499E-8D5D-4A45-9E03-51D7B6C58414}.Debug|Any CPU.ActiveCfg = Debug|Any CPU
		{AE9A499E-8D5D-4A45-9E03-51D7B6C58414}.Debug|Any CPU.Build.0 = Debug|Any CPU
		{AE9A499E-8D5D-4A45-9E03-51D7B6C58414}.Release|Any CPU.ActiveCfg = Release|Any CPU
		{AE9A499E-8D5D-4A45-9E03-51D7B6C58414}.Release|Any CPU.Build.0 = Release|Any CPU
	EndGlobalSection
	GlobalSection(SolutionProperties) = preSolution
		HideSolutionNode = FALSE
	EndGlobalSection
	GlobalSection(ExtensibilityGlobals) = postSolution
		SolutionGuid = {2BF389B7-B9D8-4243-A06E-72B962C0ECF6}
	EndGlobalSection
EndGlobal
